// !$*UTF8*$!
{
	archiveVersion = 1;
	classes = {
	};
	objectVersion = 56;
	objects = {

/* Begin PBXBuildFile section */
		A10000000000000000000001 /* DigitalCompassApp.swift in Sources */ = {isa = PBXBuildFile; fileRef = B10000000000000000000001 /* DigitalCompassApp.swift */; };
		A10000000000000000000002 /* ContentView.swift in Sources */ = {isa = PBXBuildFile; fileRef = B10000000000000000000002 /* ContentView.swift */; };
		A10000000000000000000003 /* CompassHomeView.swift in Sources */ = {isa = PBXBuildFile; fileRef = B10000000000000000000003 /* CompassHomeView.swift */; };
		A10000000000000000000004 /* SettingsView.swift in Sources */ = {isa = PBXBuildFile; fileRef = B10000000000000000000004 /* SettingsView.swift */; };
		A10000000000000000000005 /* ThemePickerView.swift in Sources */ = {isa = PBXBuildFile; fileRef = B10000000000000000000005 /* ThemePickerView.swift */; };
		A10000000000000000000006 /* LanguagePickerView.swift in Sources */ = {isa = PBXBuildFile; fileRef = B10000000000000000000006 /* LanguagePickerView.swift */; };
		A10000000000000000000007 /* QiblaView.swift in Sources */ = {isa = PBXBuildFile; fileRef = B10000000000000000000007 /* QiblaView.swift */; };
		A10000000000000000000008 /* CalibrationView.swift in Sources */ = {isa = PBXBuildFile; fileRef = B10000000000000000000008 /* CalibrationView.swift */; };
		A10000000000000000000009 /* SubscriptionView.swift in Sources */ = {isa = PBXBuildFile; fileRef = B10000000000000000000009 /* SubscriptionView.swift */; };
		A1000000000000000000000A /* LegalDocumentView.swift in Sources */ = {isa = PBXBuildFile; fileRef = B1000000000000000000000A /* LegalDocumentView.swift */; };
		A1000000000000000000000B /* OnboardingView.swift in Sources */ = {isa = PBXBuildFile; fileRef = B1000000000000000000000B /* OnboardingView.swift */; };
		A1000000000000000000000C /* HelpView.swift in Sources */ = {isa = PBXBuildFile; fileRef = B1000000000000000000000C /* HelpView.swift */; };
		A1000000000000000000000D /* AppSettings.swift in Sources */ = {isa = PBXBuildFile; fileRef = B1000000000000000000000D /* AppSettings.swift */; };
		A1000000000000000000000E /* CompassManager.swift in Sources */ = {isa = PBXBuildFile; fileRef = B1000000000000000000000E /* CompassManager.swift */; };
		A1000000000000000000000F /* QiblaManager.swift in Sources */ = {isa = PBXBuildFile; fileRef = B1000000000000000000000F /* QiblaManager.swift */; };
		A10000000000000000000010 /* SubscriptionManager.swift in Sources */ = {isa = PBXBuildFile; fileRef = B10000000000000000000010 /* SubscriptionManager.swift */; };
		A10000000000000000000011 /* StoreKit.framework in Frameworks */ = {isa = PBXBuildFile; fileRef = B10000000000000000000011 /* StoreKit.framework */; };
		A10000000000000000000012 /* CoreLocation.framework in Frameworks */ = {isa = PBXBuildFile; fileRef = B10000000000000000000012 /* CoreLocation.framework */; };
		A10000000000000000000013 /* Assets.xcassets in Resources */ = {isa = PBXBuildFile; fileRef = B10000000000000000000013 /* Assets.xcassets */; };
		D10000000000000000000001 /* Localizable.strings in Resources */ = {isa = PBXBuildFile; fileRef = E10000000000000000000001 /* Localizable.strings */; };
		D10000000000000000000002 /* Localizable.strings in Resources */ = {isa = PBXBuildFile; fileRef = E10000000000000000000002 /* Localizable.strings */; };
		D10000000000000000000003 /* Localizable.strings in Resources */ = {isa = PBXBuildFile; fileRef = E10000000000000000000003 /* Localizable.strings */; };
		D10000000000000000000004 /* Localizable.strings in Resources */ = {isa = PBXBuildFile; fileRef = E10000000000000000000004 /* Localizable.strings */; };
		D10000000000000000000005 /* Localizable.strings in Resources */ = {isa = PBXBuildFile; fileRef = E10000000000000000000005 /* Localizable.strings */; };
		D10000000000000000000006 /* Localizable.strings in Resources */ = {isa = PBXBuildFile; fileRef = E10000000000000000000006 /* Localizable.strings */; };
		D10000000000000000000007 /* Localizable.strings in Resources */ = {isa = PBXBuildFile; fileRef = E10000000000000000000007 /* Localizable.strings */; };
		D10000000000000000000008 /* Localizable.strings in Resources */ = {isa = PBXBuildFile; fileRef = E10000000000000000000008 /* Localizable.strings */; };
		D10000000000000000000009 /* Localizable.strings in Resources */ = {isa = PBXBuildFile; fileRef = E10000000000000000000009 /* Localizable.strings */; };
		D1000000000000000000000A /* Localizable.strings in Resources */ = {isa = PBXBuildFile; fileRef = E1000000000000000000000A /* Localizable.strings */; };
		D1000000000000000000000B /* Localizable.strings in Resources */ = {isa = PBXBuildFile; fileRef = E1000000000000000000000B /* Localizable.strings */; };
/* End PBXBuildFile section */

/* Begin PBXFileReference section */
		B10000000000000000000001 /* DigitalCompassApp.swift */ = {isa = PBXFileReference; lastKnownFileType = sourcecode.swift; path = DigitalCompassApp.swift; sourceTree = "<group>"; };
		B10000000000000000000002 /* ContentView.swift */ = {isa = PBXFileReference; lastKnownFileType = sourcecode.swift; path = ContentView.swift; sourceTree = "<group>"; };
		B10000000000000000000003 /* CompassHomeView.swift */ = {isa = PBXFileReference; lastKnownFileType = sourcecode.swift; path = CompassHomeView.swift; sourceTree = "<group>"; };
		B10000000000000000000004 /* SettingsView.swift */ = {isa = PBXFileReference; lastKnownFileType = sourcecode.swift; path = SettingsView.swift; sourceTree = "<group>"; };
		B10000000000000000000005 /* ThemePickerView.swift */ = {isa = PBXFileReference; lastKnownFileType = sourcecode.swift; path = ThemePickerView.swift; sourceTree = "<group>"; };
		B10000000000000000000006 /* LanguagePickerView.swift */ = {isa = PBXFileReference; lastKnownFileType = sourcecode.swift; path = LanguagePickerView.swift; sourceTree = "<group>"; };
		B10000000000000000000007 /* QiblaView.swift */ = {isa = PBXFileReference; lastKnownFileType = sourcecode.swift; path = QiblaView.swift; sourceTree = "<group>"; };
		B10000000000000000000008 /* CalibrationView.swift */ = {isa = PBXFileReference; lastKnownFileType = sourcecode.swift; path = CalibrationView.swift; sourceTree = "<group>"; };
		B10000000000000000000009 /* SubscriptionView.swift */ = {isa = PBXFileReference; lastKnownFileType = sourcecode.swift; path = SubscriptionView.swift; sourceTree = "<group>"; };
		B1000000000000000000000A /* LegalDocumentView.swift */ = {isa = PBXFileReference; lastKnownFileType = sourcecode.swift; path = LegalDocumentView.swift; sourceTree = "<group>"; };
		B1000000000000000000000B /* OnboardingView.swift */ = {isa = PBXFileReference; lastKnownFileType = sourcecode.swift; path = OnboardingView.swift; sourceTree = "<group>"; };
		B1000000000000000000000C /* HelpView.swift */ = {isa = PBXFileReference; lastKnownFileType = sourcecode.swift; path = HelpView.swift; sourceTree = "<group>"; };
		B1000000000000000000000D /* AppSettings.swift */ = {isa = PBXFileReference; lastKnownFileType = sourcecode.swift; path = AppSettings.swift; sourceTree = "<group>"; };
		B1000000000000000000000E /* CompassManager.swift */ = {isa = PBXFileReference; lastKnownFileType = sourcecode.swift; path = CompassManager.swift; sourceTree = "<group>"; };
		B1000000000000000000000F /* QiblaManager.swift */ = {isa = PBXFileReference; lastKnownFileType = sourcecode.swift; path = QiblaManager.swift; sourceTree = "<group>"; };
		B10000000000000000000010 /* SubscriptionManager.swift */ = {isa = PBXFileReference; lastKnownFileType = sourcecode.swift; path = SubscriptionManager.swift; sourceTree = "<group>"; };
		B10000000000000000000011 /* StoreKit.framework */ = {isa = PBXFileReference; lastKnownFileType = wrapper.framework; name = StoreKit.framework; path = System/Library/Frameworks/StoreKit.framework; sourceTree = SDKROOT; };
		B10000000000000000000012 /* CoreLocation.framework */ = {isa = PBXFileReference; lastKnownFileType = wrapper.framework; name = CoreLocation.framework; path = System/Library/Frameworks/CoreLocation.framework; sourceTree = SDKROOT; };
		B10000000000000000000013 /* Assets.xcassets */ = {isa = PBXFileReference; lastKnownFileType = folder.assetcatalog; path = Assets.xcassets; sourceTree = "<group>"; };
		B10000000000000000000014 /* Info.plist */ = {isa = PBXFileReference; lastKnownFileType = text.plist.xml; path = Info.plist; sourceTree = "<group>"; };
		C10000000000000000000001 /* DigitalCompass.app */ = {isa = PBXFileReference; explicitFileType = wrapper.application; includeInIndex = 0; path = DigitalCompass.app; sourceTree = BUILT_PRODUCTS_DIR; };
		E10000000000000000000001 /* en */ = {isa = PBXFileReference; lastKnownFileType = text.plist.strings; name = en; path = Localizable.strings; sourceTree = "<group>"; };
		E10000000000000000000002 /* zh-Hans */ = {isa = PBXFileReference; lastKnownFileType = text.plist.strings; name = "zh-Hans"; path = Localizable.strings; sourceTree = "<group>"; };
		E10000000000000000000003 /* zh-Hant */ = {isa = PBXFileReference; lastKnownFileType = text.plist.strings; name = "zh-Hant"; path = Localizable.strings; sourceTree = "<group>"; };
		E10000000000000000000004 /* de */ = {isa = PBXFileReference; lastKnownFileType = text.plist.strings; name = de; path = Localizable.strings; sourceTree = "<group>"; };
		E10000000000000000000005 /* fr */ = {isa = PBXFileReference; lastKnownFileType = text.plist.strings; name = fr; path = Localizable.strings; sourceTree = "<group>"; };
		E10000000000000000000006 /* ko */ = {isa = PBXFileReference; lastKnownFileType = text.plist.strings; name = ko; path = Localizable.strings; sourceTree = "<group>"; };
		E10000000000000000000007 /* ja */ = {isa = PBXFileReference; lastKnownFileType = text.plist.strings; name = ja; path = Localizable.strings; sourceTree = "<group>"; };
		E10000000000000000000008 /* es */ = {isa = PBXFileReference; lastKnownFileType = text.plist.strings; name = es; path = Localizable.strings; sourceTree = "<group>"; };
		E10000000000000000000009 /* pt */ = {isa = PBXFileReference; lastKnownFileType = text.plist.strings; name = pt; path = Localizable.strings; sourceTree = "<group>"; };
		E1000000000000000000000A /* ar */ = {isa = PBXFileReference; lastKnownFileType = text.plist.strings; name = ar; path = Localizable.strings; sourceTree = "<group>"; };
/* End PBXFileReference section */

/* Begin PBXFrameworksBuildPhase section */
		FA00000000000000000000001 /* Frameworks */ = {
			isa = PBXFrameworksBuildPhase;
			buildActionMask = 2147483647;
			files = (
				A10000000000000000000011 /* StoreKit.framework in Frameworks */,
				A10000000000000000000012 /* CoreLocation.framework in Frameworks */,
			);
			runOnlyForDeploymentPostprocessing = 0;
		};
/* End PBXFrameworksBuildPhase section */

/* Begin PBXGroup section */
		G000000000000000000000001 = {
			isa = PBXGroup;
			children = (
				G000000000000000000000002 /* DigitalCompass */,
				G000000000000000000000003 /* Products */,
			);
			sourceTree = "<group>";
		};
		G000000000000000000000002 /* DigitalCompass */ = {
			isa = PBXGroup;
			children = (
				B10000000000000000000001 /* DigitalCompassApp.swift */,
				B10000000000000000000014 /* Info.plist */,
				B10000000000000000000013 /* Assets.xcassets */,
				G000000000000000000000004 /* Views */,
				G000000000000000000000005 /* Models */,
				G000000000000000000000006 /* Localizations */,
			);
			sourceTree = "<group>";
		};
		G000000000000000000000003 /* Products */ = {
			isa = PBXGroup;
			children = (
				C10000000000000000000001 /* DigitalCompass.app */,
			);
			name = Products;
			sourceTree = "<group>";
		};
		G000000000000000000000004 /* Views */ = {
			isa = PBXGroup;
			children = (
				B10000000000000000000002 /* ContentView.swift */,
				B10000000000000000000003 /* CompassHomeView.swift */,
				B10000000000000000000004 /* SettingsView.swift */,
				B10000000000000000000005 /* ThemePickerView.swift */,
				B10000000000000000000006 /* LanguagePickerView.swift */,
				B10000000000000000000007 /* QiblaView.swift */,
				B10000000000000000000008 /* CalibrationView.swift */,
				B10000000000000000000009 /* SubscriptionView.swift */,
				B1000000000000000000000A /* LegalDocumentView.swift */,
				B1000000000000000000000B /* OnboardingView.swift */,
				B1000000000000000000000C /* HelpView.swift */,
			);
			path = Views;
			sourceTree = "<group>";
		};
		G000000000000000000000005 /* Models */ = {
			isa = PBXGroup;
			children = (
				B1000000000000000000000D /* AppSettings.swift */,
				B1000000000000000000000E /* CompassManager.swift */,
				B1000000000000000000000F /* QiblaManager.swift */,
				B10000000000000000000010 /* SubscriptionManager.swift */,
			);
			path = Models;
			sourceTree = "<group>";
		};
		G000000000000000000000006 /* Localizations */ = {
			isa = PBXGroup;
			children = (
				G000000000000000000000007 /* en.lproj */,
				G000000000000000000000008 /* zh-Hans.lproj */,
				G000000000000000000000009 /* zh-Hant.lproj */,
				G00000000000000000000000A /* de.lproj */,
				G00000000000000000000000B /* fr.lproj */,
				G00000000000000000000000C /* ko.lproj */,
				G00000000000000000000000D /* ja.lproj */,
				G00000000000000000000000E /* es.lproj */,
				G00000000000000000000000F /* pt.lproj */,
				G000000000000000000000010 /* ar.lproj */,
			);
			path = Localizations;
			sourceTree = "<group>";
		};
		G000000000000000000000007 /* en.lproj */ = {
			isa = PBXGroup;
			children = (
				E10000000000000000000001 /* en */,
			);
			path = en.lproj;
			sourceTree = "<group>";
		};
		G000000000000000000000008 /* zh-Hans.lproj */ = {
			isa = PBXGroup;
			children = (
				E10000000000000000000002 /* zh-Hans */,
			);
			path = "zh-Hans.lproj";
			sourceTree = "<group>";
		};
		G000000000000000000000009 /* zh-Hant.lproj */ = {
			isa = PBXGroup;
			children = (
				E10000000000000000000003 /* zh-Hant */,
			);
			path = "zh-Hant.lproj";
			sourceTree = "<group>";
		};
		G00000000000000000000000A /* de.lproj */ = {
			isa = PBXGroup;
			children = (
				E10000000000000000000004 /* de */,
			);
			path = de.lproj;
			sourceTree = "<group>";
		};
		G00000000000000000000000B /* fr.lproj */ = {
			isa = PBXGroup;
			children = (
				E10000000000000000000005 /* fr */,
			);
			path = fr.lproj;
			sourceTree = "<group>";
		};
		G00000000000000000000000C /* ko.lproj */ = {
			isa = PBXGroup;
			children = (
				E10000000000000000000006 /* ko */,
			);
			path = ko.lproj;
			sourceTree = "<group>";
		};
		G00000000000000000000000D /* ja.lproj */ = {
			isa = PBXGroup;
			children = (
				E10000000000000000000007 /* ja */,
			);
			path = ja.lproj;
			sourceTree = "<group>";
		};
		G00000000000000000000000E /* es.lproj */ = {
			isa = PBXGroup;
			children = (
				E10000000000000000000008 /* es */,
			);
			path = es.lproj;
			sourceTree = "<group>";
		};
		G00000000000000000000000F /* pt.lproj */ = {
			isa = PBXGroup;
			children = (
				E10000000000000000000009 /* pt */,
			);
			path = pt.lproj;
			sourceTree = "<group>";
		};
		G000000000000000000000010 /* ar.lproj */ = {
			isa = PBXGroup;
			children = (
				E1000000000000000000000A /* ar */,
			);
			path = ar.lproj;
			sourceTree = "<group>";
		};
/* End PBXGroup section */

/* Begin PBXNativeTarget section */
		NT000000000000000000000001 /* DigitalCompass */ = {
			isa = PBXNativeTarget;
			buildConfigurationList = BC0000000000000000000002 /* Build configuration list for PBXNativeTarget "DigitalCompass" */;
			buildPhases = (
				SB0000000000000000000001 /* Sources */,
				FA00000000000000000000001 /* Frameworks */,
				RB0000000000000000000001 /* Resources */,
			);
			buildRules = (
			);
			dependencies = (
			);
			name = DigitalCompass;
			productName = DigitalCompass;
			productReference = C10000000000000000000001 /* DigitalCompass.app */;
			productType = "com.apple.product-type.application";
		};
/* End PBXNativeTarget section */

/* Begin PBXProject section */
		PJ000000000000000000000001 /* Project object */ = {
			isa = PBXProject;
			attributes = {
				BuildIndependentTargetsInParallel = 1;
				LastSwiftUpdateCheck = 1500;
				LastUpgradeCheck = 1500;
				TargetAttributes = {
					NT000000000000000000000001 = {
						CreatedOnToolsVersion = 15.0;
					};
				};
			};
			buildConfigurationList = BC0000000000000000000001 /* Build configuration list for PBXProject "DigitalCompass" */;
			compatibilityVersion = "Xcode 14.0";
			developmentRegion = en;
			hasScannedForEncodings = 0;
			knownRegions = (
				en,
				"zh-Hans",
				"zh-Hant",
				de,
				fr,
				ko,
				ja,
				es,
				pt,
				ar,
			);
			mainGroup = G000000000000000000000001;
			productRefGroup = G000000000000000000000003 /* Products */;
			projectDirPath = "";
			projectRoot = "";
			targets = (
				NT000000000000000000000001 /* DigitalCompass */,
			);
		};
/* End PBXProject section */

/* Begin PBXResourcesBuildPhase section */
		RB0000000000000000000001 /* Resources */ = {
			isa = PBXResourcesBuildPhase;
			buildActionMask = 2147483647;
			files = (
				A10000000000000000000013 /* Assets.xcassets in Resources */,
				D10000000000000000000001 /* Localizable.strings in Resources */,
				D10000000000000000000002 /* Localizable.strings in Resources */,
				D10000000000000000000003 /* Localizable.strings in Resources */,
				D10000000000000000000004 /* Localizable.strings in Resources */,
				D10000000000000000000005 /* Localizable.strings in Resources */,
				D10000000000000000000006 /* Localizable.strings in Resources */,
				D10000000000000000000007 /* Localizable.strings in Resources */,
				D10000000000000000000008 /* Localizable.strings in Resources */,
				D10000000000000000000009 /* Localizable.strings in Resources */,
				D1000000000000000000000A /* Localizable.strings in Resources */,
				D1000000000000000000000B /* Localizable.strings in Resources */,
			);
			runOnlyForDeploymentPostprocessing = 0;
		};
/* End PBXResourcesBuildPhase section */

/* Begin PBXSourcesBuildPhase section */
		SB0000000000000000000001 /* Sources */ = {
			isa = PBXSourcesBuildPhase;
			buildActionMask = 2147483647;
			files = (
				A10000000000000000000001 /* DigitalCompassApp.swift in Sources */,
				A10000000000000000000002 /* ContentView.swift in Sources */,
				A10000000000000000000003 /* CompassHomeView.swift in Sources */,
				A10000000000000000000004 /* SettingsView.swift in Sources */,
				A10000000000000000000005 /* ThemePickerView.swift in Sources */,
				A10000000000000000000006 /* LanguagePickerView.swift in Sources */,
				A10000000000000000000007 /* QiblaView.swift in Sources */,
				A10000000000000000000008 /* CalibrationView.swift in Sources */,
				A10000000000000000000009 /* SubscriptionView.swift in Sources */,
				A1000000000000000000000A /* LegalDocumentView.swift in Sources */,
				A1000000000000000000000B /* OnboardingView.swift in Sources */,
				A1000000000000000000000C /* HelpView.swift in Sources */,
				A1000000000000000000000D /* AppSettings.swift in Sources */,
				A1000000000000000000000E /* CompassManager.swift in Sources */,
				A1000000000000000000000F /* QiblaManager.swift in Sources */,
				A10000000000000000000010 /* SubscriptionManager.swift in Sources */,
			);
			runOnlyForDeploymentPostprocessing = 0;
		};
/* End PBXSourcesBuildPhase section */

/* Begin XCBuildConfiguration section */
		BCF0000000000000000000001 /* Debug */ = {
			isa = XCBuildConfiguration;
			buildSettings = {
				ALWAYS_SEARCH_USER_PATHS = NO;
				ASSETCATALOG_COMPILER_GENERATE_SWIFT_ASSET_SYMBOL_EXTENSIONS = YES;
				CLANG_ENABLE_MODULES = YES;
				CLANG_ENABLE_OBJC_ARC = YES;
				CODE_SIGN_IDENTITY = "Apple Development";
				COPY_PHASE_STRIP = NO;
				DEBUG_INFORMATION_FORMAT = dwarf;
				ENABLE_STRICT_OBJC_MSGSEND = YES;
				ENABLE_TESTABILITY = YES;
				ENABLE_USER_SCRIPT_SANDBOXING = YES;
				GCC_DYNAMIC_NO_PIC = NO;
				GCC_OPTIMIZATION_LEVEL = 0;
				GCC_PREPROCESSOR_DEFINITIONS = (
					"DEBUG=1",
					"$(inherited)",
				);
				IPHONEOS_DEPLOYMENT_TARGET = 16.0;
				MTL_ENABLE_DEBUG_INFO = INCLUDE_SOURCE;
				ONLY_ACTIVE_ARCH = YES;
				SDKROOT = iphoneos;
				SWIFT_ACTIVE_COMPILATION_CONDITIONS = "DEBUG $(inherited)";
				SWIFT_OPTIMIZATION_LEVEL = "-Onone";
			};
			name = Debug;
		};
		BCF0000000000000000000002 /* Release */ = {
			isa = XCBuildConfiguration;
			buildSettings = {
				ALWAYS_SEARCH_USER_PATHS = NO;
				ASSETCATALOG_COMPILER_GENERATE_SWIFT_ASSET_SYMBOL_EXTENSIONS = YES;
				CLANG_ENABLE_MODULES = YES;
				CLANG_ENABLE_OBJC_ARC = YES;
				CODE_SIGN_IDENTITY = "Apple Development";
				COPY_PHASE_STRIP = NO;
				DEBUG_INFORMATION_FORMAT = "dwarf-with-dsym";
				ENABLE_STRICT_OBJC_MSGSEND = YES;
				ENABLE_USER_SCRIPT_SANDBOXING = YES;
				GCC_OPTIMIZATION_LEVEL = s;
				IPHONEOS_DEPLOYMENT_TARGET = 16.0;
				MTL_ENABLE_DEBUG_INFO = NO;
				SDKROOT = iphoneos;
				SWIFT_COMPILATION_MODE = wholemodule;
			};
			name = Release;
		};
		BCF0000000000000000000003 /* Debug */ = {
			isa = XCBuildConfiguration;
			buildSettings = {
				ASSETCATALOG_COMPILER_APPICON_NAME = AppIcon;
				ASSETCATALOG_COMPILER_INCLUDE_ALL_APPICON_ASSETS = NO;
				CODE_SIGN_STYLE = Automatic;
				CURRENT_PROJECT_VERSION = 1;
				DEVELOPMENT_TEAM = "";
				ENABLE_PREVIEWS = YES;
				GENERATE_INFOPLIST_FILE = NO;
				INFOPLIST_FILE = Info.plist;
				INFOPLIST_KEY_UILaunchScreen_Generation = NO;
				INFOPLIST_KEY_UISupportedInterfaceOrientations = UIInterfaceOrientationPortrait;
				INFOPLIST_KEY_UISupportedInterfaceOrientations_iPad = "UIInterfaceOrientationPortrait UIInterfaceOrientationPortraitUpsideDown";
				INFOPLIST_KEY_UISupportedInterfaceOrientations_iPhone = UIInterfaceOrientationPortrait;
				LD_RUNPATH_SEARCH_PATHS = (
					"$(inherited)",
					"@executable_path/Frameworks",
				);
				MARKETING_VERSION = 1.0;
				PRODUCT_BUNDLE_IDENTIFIER = com.digitalcompass.app;
				PRODUCT_NAME = "$(TARGET_NAME)";
				SUPPORTED_PLATFORMS = "iphoneos iphonesimulator";
				SWIFT_EMIT_LOC_STRINGS = NO;
				SWIFT_VERSION = 5.0;
				TARGETED_DEVICE_FAMILY = "1,2";
			};
			name = Debug;
		};
		BCF0000000000000000000004 /* Release */ = {
			isa = XCBuildConfiguration;
			buildSettings = {
				ASSETCATALOG_COMPILER_APPICON_NAME = AppIcon;
				ASSETCATALOG_COMPILER_INCLUDE_ALL_APPICON_ASSETS = NO;
				CODE_SIGN_STYLE = Automatic;
				CURRENT_PROJECT_VERSION = 1;
				DEVELOPMENT_TEAM = "";
				ENABLE_PREVIEWS = YES;
				GENERATE_INFOPLIST_FILE = NO;
				INFOPLIST_FILE = Info.plist;
				INFOPLIST_KEY_UILaunchScreen_Generation = NO;
				INFOPLIST_KEY_UISupportedInterfaceOrientations = UIInterfaceOrientationPortrait;
				INFOPLIST_KEY_UISupportedInterfaceOrientations_iPad = "UIInterfaceOrientationPortrait UIInterfaceOrientationPortraitUpsideDown";
				INFOPLIST_KEY_UISupportedInterfaceOrientations_iPhone = UIInterfaceOrientationPortrait;
				LD_RUNPATH_SEARCH_PATHS = (
					"$(inherited)",
					"@executable_path/Frameworks",
				);
				MARKETING_VERSION = 1.0;
				PRODUCT_BUNDLE_IDENTIFIER = com.digitalcompass.app;
				PRODUCT_NAME = "$(TARGET_NAME)";
				SUPPORTED_PLATFORMS = "iphoneos iphonesimulator";
				SWIFT_EMIT_LOC_STRINGS = NO;
				SWIFT_VERSION = 5.0;
				TARGETED_DEVICE_FAMILY = "1,2";
			};
			name = Release;
		};
/* End XCBuildConfiguration section */

/* Begin XCConfigurationList section */
		BC0000000000000000000001 /* Build configuration list for PBXProject "DigitalCompass" */ = {
			isa = XCConfigurationList;
			buildConfigurations = (
				BCF0000000000000000000001 /* Debug */,
				BCF0000000000000000000002 /* Release */,
			);
			defaultConfigurationIsVisible = 0;
			defaultConfigurationName = Release;
		};
		BC0000000000000000000002 /* Build configuration list for PBXNativeTarget "DigitalCompass" */ = {
			isa = XCConfigurationList;
			buildConfigurations = (
				BCF0000000000000000000003 /* Debug */,
				BCF0000000000000000000004 /* Release */,
			);
			defaultConfigurationIsVisible = 0;
			defaultConfigurationName = Release;
		};
/* End XCConfigurationList section */
	};
	rootObject = PJ000000000000000000000001 /* Project object */;
}
